
Microsoft Visual Studio Solution File, Format Version 12.00
# Visual Studio 2015
Project("{FAE04EC0-301F-11D3-BF4B-00C04F79EFBC}") = "TangoDefender.CSharp", "TangoDefender.CSharp.csproj", "{9A3F4C38-A9A2-476D-9195-88EB14ED5B65}"
EndProject
Project("{FAE04EC0-301F-11D3-BF4B-00C04F79EFBC}") = "TangoDefender.CSharp.Editor", "TangoDefender.CSharp.Editor.csproj", "{FFADDAB8-CFF9-D100-FDC9-97A2F205E70D}"
EndProject
Global
	GlobalSection(SolutionConfigurationPlatforms) = preSolution
		Debug|Any CPU = Debug|Any CPU
		Release|Any CPU = Release|Any CPU
	EndGlobalSection
	GlobalSection(ProjectConfigurationPlatforms) = postSolution
		{9A3F4C38-A9A2-476D-9195-88EB14ED5B65}.Debug|Any CPU.ActiveCfg = Debug|Any CPU
		{9A3F4C38-A9A2-476D-9195-88EB14ED5B65}.Debug|Any CPU.Build.0 = Debug|Any CPU
		{9A3F4C38-A9A2-476D-9195-88EB14ED5B65}.Release|Any CPU.ActiveCfg = Release|Any CPU
		{9A3F4C38-A9A2-476D-9195-88EB14ED5B65}.Release|Any CPU.Build.0 = Release|Any CPU
		{FFADDAB8-CFF9-D100-FDC9-97A2F205E70D}.Debug|Any CPU.ActiveCfg = Debug|Any CPU
		{FFADDAB8-CFF9-D100-FDC9-97A2F205E70D}.Debug|Any CPU.Build.0 = Debug|Any CPU
		{FFADDAB8-CFF9-D100-FDC9-97A2F205E70D}.Release|Any CPU.ActiveCfg = Release|Any CPU
		{FFADDAB8-CFF9-D100-FDC9-97A2F205E70D}.Release|Any CPU.Build.0 = Release|Any CPU
	EndGlobalSection
	GlobalSection(SolutionProperties) = preSolution
		HideSolutionNode = FALSE
	EndGlobalSection
EndGlobal
